
Microsoft Visual Studio Solution File, Format Version 12.00
# Visual Studio Version 17
VisualStudioVersion = 17.10.34928.147
MinimumVisualStudioVersion = 10.0.40219.1
Project("{FAE04EC0-301F-11D3-BF4B-00C04F79EFBC}") = "TaskManager", "TaskManager.csproj", "{9D573FE3-98F3-46BD-9C84-33D8BFD633AB}"
EndProject
Global
	GlobalSection(SolutionConfigurationPlatforms) = preSolution
		Debug|Any CPU = Debug|Any CPU
		Release|Any CPU = Release|Any CPU
	EndGlobalSection
	GlobalSection(ProjectConfigurationPlatforms) = postSolution
		{9D573FE3-98F3-46BD-9C84-33D8BFD633AB}.Debug|Any CPU.ActiveCfg = Debug|Any CPU
		{9D573FE3-98F3-46BD-9C84-33D8BFD633AB}.Debug|Any CPU.Build.0 = Debug|Any CPU
		{9D573FE3-98F3-46BD-9C84-33D8BFD633AB}.Release|Any CPU.ActiveCfg = Release|Any CPU
		{9D573FE3-98F3-46BD-9C84-33D8BFD633AB}.Release|Any CPU.Build.0 = Release|Any CPU
	EndGlobalSection
	GlobalSection(SolutionProperties) = preSolution
		HideSolutionNode = FALSE
	EndGlobalSection
	GlobalSection(ExtensibilityGlobals) = postSolution
		SolutionGuid = {6C44DDED-F639-429C-85B7-0C01433A59E1}
	EndGlobalSection
EndGlobal
